
Microsoft Visual Studio Solution File, Format Version 12.00
# Visual Studio 15
Project("{FAE04EC0-301F-11D3-BF4B-00C04F79EFBC}") = "Assembly-CSharp", "Assembly-CSharp.csproj", "{BBAB7DF4-0D18-85E8-F266-52293D63FAF5}"
EndProject
Global
	GlobalSection(SolutionConfigurationPlatforms) = preSolution
		Debug|Any CPU = Debug|Any CPU
		Release|Any CPU = Release|Any CPU
	EndGlobalSection
	GlobalSection(ProjectConfigurationPlatforms) = postSolution
		{BBAB7DF4-0D18-85E8-F266-52293D63FAF5}.Debug|Any CPU.ActiveCfg = Debug|Any CPU
		{BBAB7DF4-0D18-85E8-F266-52293D63FAF5}.Debug|Any CPU.Build.0 = Debug|Any CPU
		{BBAB7DF4-0D18-85E8-F266-52293D63FAF5}.Release|Any CPU.ActiveCfg = Release|Any CPU
		{BBAB7DF4-0D18-85E8-F266-52293D63FAF5}.Release|Any CPU.Build.0 = Release|Any CPU
	EndGlobalSection
	GlobalSection(SolutionProperties) = preSolution
		HideSolutionNode = FALSE
	EndGlobalSection
EndGlobal
